
Microsoft Visual Studio Solution File, Format Version 12.00
# Visual Studio Version 17
VisualStudioVersion = 17.6.33717.318
MinimumVisualStudioVersion = 10.0.40219.1
Project("{9A19103F-16F7-4668-BE54-9A1E7A4F7556}") = "ClawQuest", "ClawQuest\ClawQuest.csproj", "{03843D84-134B-42BB-B217-5BF178833A17}"
EndProject
Project("{2150E333-8FDC-42A3-9474-1A3956D46DE8}") = "UnitTests", "UnitTests", "{E35DFAFE-097E-4A68-8093-9F756375645B}"
EndProject
Project("{9A19103F-16F7-4668-BE54-9A1E7A4F7556}") = "ClawQuestTests", "ClawQuestTests\ClawQuestTests.csproj", "{6E73B1CD-6A40-42C7-9D6E-FF311CCB7F7E}"
EndProject
Global
	GlobalSection(SolutionConfigurationPlatforms) = preSolution
		Debug|Any CPU = Debug|Any CPU
		Release|Any CPU = Release|Any CPU
	EndGlobalSection
	GlobalSection(ProjectConfigurationPlatforms) = postSolution
		{03843D84-134B-42BB-B217-5BF178833A17}.Debug|Any CPU.ActiveCfg = Debug|Any CPU
		{03843D84-134B-42BB-B217-5BF178833A17}.Debug|Any CPU.Build.0 = Debug|Any CPU
		{03843D84-134B-42BB-B217-5BF178833A17}.Release|Any CPU.ActiveCfg = Release|Any CPU
		{03843D84-134B-42BB-B217-5BF178833A17}.Release|Any CPU.Build.0 = Release|Any CPU
		{6E73B1CD-6A40-42C7-9D6E-FF311CCB7F7E}.Debug|Any CPU.ActiveCfg = Debug|Any CPU
		{6E73B1CD-6A40-42C7-9D6E-FF311CCB7F7E}.Debug|Any CPU.Build.0 = Debug|Any CPU
		{6E73B1CD-6A40-42C7-9D6E-FF311CCB7F7E}.Release|Any CPU.ActiveCfg = Release|Any CPU
		{6E73B1CD-6A40-42C7-9D6E-FF311CCB7F7E}.Release|Any CPU.Build.0 = Release|Any CPU
	EndGlobalSection
	GlobalSection(SolutionProperties) = preSolution
		HideSolutionNode = FALSE
	EndGlobalSection
	GlobalSection(NestedProjects) = preSolution
		{6E73B1CD-6A40-42C7-9D6E-FF311CCB7F7E} = {E35DFAFE-097E-4A68-8093-9F756375645B}
	EndGlobalSection
	GlobalSection(ExtensibilityGlobals) = postSolution
		SolutionGuid = {196385E1-7EBC-4268-B47B-979E539999F6}
	EndGlobalSection
EndGlobal
